
Microsoft Visual Studio Solution File, Format Version 12.00
# Visual Studio Version 17
VisualStudioVersion = 17.1.32319.34
MinimumVisualStudioVersion = 10.0.40219.1
Project("{FAE04EC0-301F-11D3-BF4B-00C04F79EFBC}") = "DOT.NET", "DOT.NET\DOT.NET.csproj", "{235B225A-DB1E-49E8-AFD8-33761050F312}"
EndProject
Project("{FAE04EC0-301F-11D3-BF4B-00C04F79EFBC}") = "Business", "Business\Business.csproj", "{985BC66F-1CE2-4B1B-A923-5D0D294DD4AA}"
EndProject
Project("{FAE04EC0-301F-11D3-BF4B-00C04F79EFBC}") = "Core", "Core\Core.csproj", "{40E64EE4-EBFE-49D2-B396-E8333747A4B4}"
EndProject
Project("{FAE04EC0-301F-11D3-BF4B-00C04F79EFBC}") = "DataAccess", "DataAccess\DataAccess.csproj", "{2B73E263-D3DD-4087-A86E-4C017AD8A1A1}"
EndProject
Project("{FAE04EC0-301F-11D3-BF4B-00C04F79EFBC}") = "Entities", "Entities\Entities.csproj", "{1A21F59E-E9FC-4A45-BC43-855C323DC1C0}"
EndProject
Global
	GlobalSection(SolutionConfigurationPlatforms) = preSolution
		Debug|Any CPU = Debug|Any CPU
		Release|Any CPU = Release|Any CPU
	EndGlobalSection
	GlobalSection(ProjectConfigurationPlatforms) = postSolution
		{235B225A-DB1E-49E8-AFD8-33761050F312}.Debug|Any CPU.ActiveCfg = Debug|Any CPU
		{235B225A-DB1E-49E8-AFD8-33761050F312}.Debug|Any CPU.Build.0 = Debug|Any CPU
		{235B225A-DB1E-49E8-AFD8-33761050F312}.Release|Any CPU.ActiveCfg = Release|Any CPU
		{235B225A-DB1E-49E8-AFD8-33761050F312}.Release|Any CPU.Build.0 = Release|Any CPU
		{985BC66F-1CE2-4B1B-A923-5D0D294DD4AA}.Debug|Any CPU.ActiveCfg = Debug|Any CPU
		{985BC66F-1CE2-4B1B-A923-5D0D294DD4AA}.Debug|Any CPU.Build.0 = Debug|Any CPU
		{985BC66F-1CE2-4B1B-A923-5D0D294DD4AA}.Release|Any CPU.ActiveCfg = Release|Any CPU
		{985BC66F-1CE2-4B1B-A923-5D0D294DD4AA}.Release|Any CPU.Build.0 = Release|Any CPU
		{40E64EE4-EBFE-49D2-B396-E8333747A4B4}.Debug|Any CPU.ActiveCfg = Debug|Any CPU
		{40E64EE4-EBFE-49D2-B396-E8333747A4B4}.Debug|Any CPU.Build.0 = Debug|Any CPU
		{40E64EE4-EBFE-49D2-B396-E8333747A4B4}.Release|Any CPU.ActiveCfg = Release|Any CPU
		{40E64EE4-EBFE-49D2-B396-E8333747A4B4}.Release|Any CPU.Build.0 = Release|Any CPU
		{2B73E263-D3DD-4087-A86E-4C017AD8A1A1}.Debug|Any CPU.ActiveCfg = Debug|Any CPU
		{2B73E263-D3DD-4087-A86E-4C017AD8A1A1}.Debug|Any CPU.Build.0 = Debug|Any CPU
		{2B73E263-D3DD-4087-A86E-4C017AD8A1A1}.Release|Any CPU.ActiveCfg = Release|Any CPU
		{2B73E263-D3DD-4087-A86E-4C017AD8A1A1}.Release|Any CPU.Build.0 = Release|Any CPU
		{1A21F59E-E9FC-4A45-BC43-855C323DC1C0}.Debug|Any CPU.ActiveCfg = Debug|Any CPU
		{1A21F59E-E9FC-4A45-BC43-855C323DC1C0}.Debug|Any CPU.Build.0 = Debug|Any CPU
		{1A21F59E-E9FC-4A45-BC43-855C323DC1C0}.Release|Any CPU.ActiveCfg = Release|Any CPU
		{1A21F59E-E9FC-4A45-BC43-855C323DC1C0}.Release|Any CPU.Build.0 = Release|Any CPU
	EndGlobalSection
	GlobalSection(SolutionProperties) = preSolution
		HideSolutionNode = FALSE
	EndGlobalSection
	GlobalSection(ExtensibilityGlobals) = postSolution
		SolutionGuid = {225C970F-EC10-4318-B0C2-823A405F8ABF}
	EndGlobalSection
EndGlobal
